
Microsoft Visual Studio Solution File, Format Version 12.00
# Visual Studio Version 16
VisualStudioVersion = 16.0.30413.136
MinimumVisualStudioVersion = 10.0.40219.1
Project("{FAE04EC0-301F-11D3-BF4B-00C04F79EFBC}") = "Symplex", "Symplex.csproj", "{DA879699-1AB3-42AE-99B5-178310C6B2C2}"
EndProject
Global
	GlobalSection(SolutionConfigurationPlatforms) = preSolution
		Debug|Any CPU = Debug|Any CPU
		Release|Any CPU = Release|Any CPU
	EndGlobalSection
	GlobalSection(ProjectConfigurationPlatforms) = postSolution
		{DA879699-1AB3-42AE-99B5-178310C6B2C2}.Debug|Any CPU.ActiveCfg = Debug|Any CPU
		{DA879699-1AB3-42AE-99B5-178310C6B2C2}.Debug|Any CPU.Build.0 = Debug|Any CPU
		{DA879699-1AB3-42AE-99B5-178310C6B2C2}.Release|Any CPU.ActiveCfg = Release|Any CPU
		{DA879699-1AB3-42AE-99B5-178310C6B2C2}.Release|Any CPU.Build.0 = Release|Any CPU
	EndGlobalSection
	GlobalSection(SolutionProperties) = preSolution
		HideSolutionNode = FALSE
	EndGlobalSection
	GlobalSection(ExtensibilityGlobals) = postSolution
		SolutionGuid = {A14AF187-27D6-4EE6-9EB9-07F75EEDAF52}
	EndGlobalSection
EndGlobal
